
Microsoft Visual Studio Solution File, Format Version 12.00
# Visual Studio Version 17
VisualStudioVersion = 17.6.33815.320
MinimumVisualStudioVersion = 10.0.40219.1
Project("{FAE04EC0-301F-11D3-BF4B-00C04F79EFBC}") = "WebScraping_Examples", "WebScraping_Examples\WebScraping_Examples.csproj", "{AA4C9D53-4116-4421-AE36-91C80CE3449B}"
EndProject
Global
	GlobalSection(SolutionConfigurationPlatforms) = preSolution
		Debug|Any CPU = Debug|Any CPU
		Release|Any CPU = Release|Any CPU
	EndGlobalSection
	GlobalSection(ProjectConfigurationPlatforms) = postSolution
		{AA4C9D53-4116-4421-AE36-91C80CE3449B}.Debug|Any CPU.ActiveCfg = Debug|Any CPU
		{AA4C9D53-4116-4421-AE36-91C80CE3449B}.Debug|Any CPU.Build.0 = Debug|Any CPU
		{AA4C9D53-4116-4421-AE36-91C80CE3449B}.Release|Any CPU.ActiveCfg = Release|Any CPU
		{AA4C9D53-4116-4421-AE36-91C80CE3449B}.Release|Any CPU.Build.0 = Release|Any CPU
	EndGlobalSection
	GlobalSection(SolutionProperties) = preSolution
		HideSolutionNode = FALSE
	EndGlobalSection
	GlobalSection(ExtensibilityGlobals) = postSolution
		SolutionGuid = {3782A93B-9FFC-4A28-80F3-853ECAC500C3}
	EndGlobalSection
EndGlobal
